
Microsoft Visual Studio Solution File, Format Version 11.00
# Visual Studio 2010
Project("{FAE04EC0-301F-11D3-BF4B-00C04F79EFBC}") = "Test", "Test.csproj", "{0B4C8A12-E1D9-46C0-B448-1DDB5A960BA7}"
EndProject
Global
	GlobalSection(SolutionConfigurationPlatforms) = preSolution
		Debug|Any CPU = Debug|Any CPU
		Release|Any CPU = Release|Any CPU
	EndGlobalSection
	GlobalSection(ProjectConfigurationPlatforms) = postSolution
		{0B4C8A12-E1D9-46C0-B448-1DDB5A960BA7}.Debug|Any CPU.ActiveCfg = Debug|Any CPU
		{0B4C8A12-E1D9-46C0-B448-1DDB5A960BA7}.Debug|Any CPU.Build.0 = Debug|Any CPU
		{0B4C8A12-E1D9-46C0-B448-1DDB5A960BA7}.Release|Any CPU.ActiveCfg = Release|Any CPU
		{0B4C8A12-E1D9-46C0-B448-1DDB5A960BA7}.Release|Any CPU.Build.0 = Release|Any CPU
	EndGlobalSection
	GlobalSection(MonoDevelopProperties) = preSolution
		StartupItem = Test.csproj
	EndGlobalSection
EndGlobal
